// !$*UTF8*$!
{
	archiveVersion = 1;
	classes = {
	};
	objectVersion = 50;
	objects = {

/* Begin PBXBuildFile section */
		3EFE56F00E12070C630A5A55 /* Pods_flix.framework in Frameworks */ = {isa = PBXBuildFile; fileRef = C4CD5C9BF395A563597C5624 /* Pods_flix.framework */; };
		526CAB362208EFAC00C736FF /* MovieDetailsViewController.swift in Sources */ = {isa = PBXBuildFile; fileRef = 526CAB352208EFAC00C736FF /* MovieDetailsViewController.swift */; };
		526CAB382208FA5E00C736FF /* MovieGridViewController.swift in Sources */ = {isa = PBXBuildFile; fileRef = 526CAB372208FA5E00C736FF /* MovieGridViewController.swift */; };
		526CAB3A2208FF5000C736FF /* MovieGridCell.swift in Sources */ = {isa = PBXBuildFile; fileRef = 526CAB392208FF5000C736FF /* MovieGridCell.swift */; };
		52B137B2220A6FF2001CE793 /* MovieGridDetailsViewController.swift in Sources */ = {isa = PBXBuildFile; fileRef = 52B137B1220A6FF2001CE793 /* MovieGridDetailsViewController.swift */; };
		52E4674B21FFB67B006DC898 /* AppDelegate.swift in Sources */ = {isa = PBXBuildFile; fileRef = 52E4674A21FFB67B006DC898 /* AppDelegate.swift */; };
		52E4675021FFB67B006DC898 /* Main.storyboard in Resources */ = {isa = PBXBuildFile; fileRef = 52E4674E21FFB67B006DC898 /* Main.storyboard */; };
		52E4675221FFB67D006DC898 /* Assets.xcassets in Resources */ = {isa = PBXBuildFile; fileRef = 52E4675121FFB67D006DC898 /* Assets.xcassets */; };
		52E4675521FFB67D006DC898 /* LaunchScreen.storyboard in Resources */ = {isa = PBXBuildFile; fileRef = 52E4675321FFB67D006DC898 /* LaunchScreen.storyboard */; };
		52E4676021FFB67D006DC898 /* flixTests.swift in Sources */ = {isa = PBXBuildFile; fileRef = 52E4675F21FFB67D006DC898 /* flixTests.swift */; };
		52E4676B21FFB67D006DC898 /* flixUITests.swift in Sources */ = {isa = PBXBuildFile; fileRef = 52E4676A21FFB67D006DC898 /* flixUITests.swift */; };
		52E4677921FFB93F006DC898 /* MoviesViewController.swift in Sources */ = {isa = PBXBuildFile; fileRef = 52E4677821FFB93F006DC898 /* MoviesViewController.swift */; };
		52E4677B21FFCAB8006DC898 /* MovieCell.swift in Sources */ = {isa = PBXBuildFile; fileRef = 52E4677A21FFCAB8006DC898 /* MovieCell.swift */; };
		5FD72A48C5915C467B5AF34F /* Pods_flixUITests.framework in Frameworks */ = {isa = PBXBuildFile; fileRef = 7BE6F0C41332FC9E0DDA8783 /* Pods_flixUITests.framework */; };
		959773BEF09E5F78CA340923 /* Pods_flixTests.framework in Frameworks */ = {isa = PBXBuildFile; fileRef = 38A5104AB83DF7F4DE7BFA04 /* Pods_flixTests.framework */; };
/* End PBXBuildFile section */

/* Begin PBXContainerItemProxy section */
		52E4675C21FFB67D006DC898 /* PBXContainerItemProxy */ = {
			isa = PBXContainerItemProxy;
			containerPortal = 52E4673F21FFB67B006DC898 /* Project object */;
			proxyType = 1;
			remoteGlobalIDString = 52E4674621FFB67B006DC898;
			remoteInfo = flix;
		};
		52E4676721FFB67D006DC898 /* PBXContainerItemProxy */ = {
			isa = PBXContainerItemProxy;
			containerPortal = 52E4673F21FFB67B006DC898 /* Project object */;
			proxyType = 1;
			remoteGlobalIDString = 52E4674621FFB67B006DC898;
			remoteInfo = flix;
		};
/* End PBXContainerItemProxy section */

/* Begin PBXFileReference section */
		0F79B1C8B79EB5117B2C95DE /* Pods-flix.debug.xcconfig */ = {isa = PBXFileReference; includeInIndex = 1; lastKnownFileType = text.xcconfig; name = "Pods-flix.debug.xcconfig"; path = "Pods/Target Support Files/Pods-flix/Pods-flix.debug.xcconfig"; sourceTree = "<group>"; };
		2EB177F37EC3296B1AA227E7 /* Pods-flix.release.xcconfig */ = {isa = PBXFileReference; includeInIndex = 1; lastKnownFileType = text.xcconfig; name = "Pods-flix.release.xcconfig"; path = "Pods/Target Support Files/Pods-flix/Pods-flix.release.xcconfig"; sourceTree = "<group>"; };
		31A4AC29F6E50BBD5A9F18B8 /* Pods-flixUITests.release.xcconfig */ = {isa = PBXFileReference; includeInIndex = 1; lastKnownFileType = text.xcconfig; name = "Pods-flixUITests.release.xcconfig"; path = "Pods/Target Support Files/Pods-flixUITests/Pods-flixUITests.release.xcconfig"; sourceTree = "<group>"; };
		38A5104AB83DF7F4DE7BFA04 /* Pods_flixTests.framework */ = {isa = PBXFileReference; explicitFileType = wrapper.framework; includeInIndex = 0; path = Pods_flixTests.framework; sourceTree = BUILT_PRODUCTS_DIR; };
		440DB4E0F2F7564E0B8D0E72 /* Pods-flixUITests.debug.xcconfig */ = {isa = PBXFileReference; includeInIndex = 1; lastKnownFileType = text.xcconfig; name = "Pods-flixUITests.debug.xcconfig"; path = "Pods/Target Support Files/Pods-flixUITests/Pods-flixUITests.debug.xcconfig"; sourceTree = "<group>"; };
		526CAB352208EFAC00C736FF /* MovieDetailsViewController.swift */ = {isa = PBXFileReference; lastKnownFileType = sourcecode.swift; path = MovieDetailsViewController.swift; sourceTree = "<group>"; };
		526CAB372208FA5E00C736FF /* MovieGridViewController.swift */ = {isa = PBXFileReference; lastKnownFileType = sourcecode.swift; path = MovieGridViewController.swift; sourceTree = "<group>"; };
		526CAB392208FF5000C736FF /* MovieGridCell.swift */ = {isa = PBXFileReference; lastKnownFileType = sourcecode.swift; path = MovieGridCell.swift; sourceTree = "<group>"; };
		52B137B1220A6FF2001CE793 /* MovieGridDetailsViewController.swift */ = {isa = PBXFileReference; lastKnownFileType = sourcecode.swift; path = MovieGridDetailsViewController.swift; sourceTree = "<group>"; };
		52E4674721FFB67B006DC898 /* flix.app */ = {isa = PBXFileReference; explicitFileType = wrapper.application; includeInIndex = 0; path = flix.app; sourceTree = BUILT_PRODUCTS_DIR; };
		52E4674A21FFB67B006DC898 /* AppDelegate.swift */ = {isa = PBXFileReference; lastKnownFileType = sourcecode.swift; path = AppDelegate.swift; sourceTree = "<group>"; };
		52E4674F21FFB67B006DC898 /* Base */ = {isa = PBXFileReference; lastKnownFileType = file.storyboard; name = Base; path = Base.lproj/Main.storyboard; sourceTree = "<group>"; };
		52E4675121FFB67D006DC898 /* Assets.xcassets */ = {isa = PBXFileReference; lastKnownFileType = folder.assetcatalog; path = Assets.xcassets; sourceTree = "<group>"; };
		52E4675421FFB67D006DC898 /* Base */ = {isa = PBXFileReference; lastKnownFileType = file.storyboard; name = Base; path = Base.lproj/LaunchScreen.storyboard; sourceTree = "<group>"; };
		52E4675621FFB67D006DC898 /* Info.plist */ = {isa = PBXFileReference; lastKnownFileType = text.plist.xml; path = Info.plist; sourceTree = "<group>"; };
		52E4675B21FFB67D006DC898 /* flixTests.xctest */ = {isa = PBXFileReference; explicitFileType = wrapper.cfbundle; includeInIndex = 0; path = flixTests.xctest; sourceTree = BUILT_PRODUCTS_DIR; };
		52E4675F21FFB67D006DC898 /* flixTests.swift */ = {isa = PBXFileReference; lastKnownFileType = sourcecode.swift; path = flixTests.swift; sourceTree = "<group>"; };
		52E4676121FFB67D006DC898 /* Info.plist */ = {isa = PBXFileReference; lastKnownFileType = text.plist.xml; path = Info.plist; sourceTree = "<group>"; };
		52E4676621FFB67D006DC898 /* flixUITests.xctest */ = {isa = PBXFileReference; explicitFileType = wrapper.cfbundle; includeInIndex = 0; path = flixUITests.xctest; sourceTree = BUILT_PRODUCTS_DIR; };
		52E4676A21FFB67D006DC898 /* flixUITests.swift */ = {isa = PBXFileReference; lastKnownFileType = sourcecode.swift; path = flixUITests.swift; sourceTree = "<group>"; };
		52E4676C21FFB67D006DC898 /* Info.plist */ = {isa = PBXFileReference; lastKnownFileType = text.plist.xml; path = Info.plist; sourceTree = "<group>"; };
		52E4677821FFB93F006DC898 /* MoviesViewController.swift */ = {isa = PBXFileReference; lastKnownFileType = sourcecode.swift; path = MoviesViewController.swift; sourceTree = "<group>"; };
		52E4677A21FFCAB8006DC898 /* MovieCell.swift */ = {isa = PBXFileReference; lastKnownFileType = sourcecode.swift; path = MovieCell.swift; sourceTree = "<group>"; };
		7BE6F0C41332FC9E0DDA8783 /* Pods_flixUITests.framework */ = {isa = PBXFileReference; explicitFileType = wrapper.framework; includeInIndex = 0; path = Pods_flixUITests.framework; sourceTree = BUILT_PRODUCTS_DIR; };
		8D7500021D18CB6ECD28FF3B /* Pods-flixTests.release.xcconfig */ = {isa = PBXFileReference; includeInIndex = 1; lastKnownFileType = text.xcconfig; name = "Pods-flixTests.release.xcconfig"; path = "Pods/Target Support Files/Pods-flixTests/Pods-flixTests.release.xcconfig"; sourceTree = "<group>"; };
		C4CD5C9BF395A563597C5624 /* Pods_flix.framework */ = {isa = PBXFileReference; explicitFileType = wrapper.framework; includeInIndex = 0; path = Pods_flix.framework; sourceTree = BUILT_PRODUCTS_DIR; };
		C7105EBE43EB6EB570579AEC /* Pods-flixTests.debug.xcconfig */ = {isa = PBXFileReference; includeInIndex = 1; lastKnownFileType = text.xcconfig; name = "Pods-flixTests.debug.xcconfig"; path = "Pods/Target Support Files/Pods-flixTests/Pods-flixTests.debug.xcconfig"; sourceTree = "<group>"; };
/* End PBXFileReference section */

/* Begin PBXFrameworksBuildPhase section */
		52E4674421FFB67B006DC898 /* Frameworks */ = {
			isa = PBXFrameworksBuildPhase;
			buildActionMask = 2147483647;
			files = (
				3EFE56F00E12070C630A5A55 /* Pods_flix.framework in Frameworks */,
			);
			runOnlyForDeploymentPostprocessing = 0;
		};
		52E4675821FFB67D006DC898 /* Frameworks */ = {
			isa = PBXFrameworksBuildPhase;
			buildActionMask = 2147483647;
			files = (
				959773BEF09E5F78CA340923 /* Pods_flixTests.framework in Frameworks */,
			);
			runOnlyForDeploymentPostprocessing = 0;
		};
		52E4676321FFB67D006DC898 /* Frameworks */ = {
			isa = PBXFrameworksBuildPhase;
			buildActionMask = 2147483647;
			files = (
				5FD72A48C5915C467B5AF34F /* Pods_flixUITests.framework in Frameworks */,
			);
			runOnlyForDeploymentPostprocessing = 0;
		};
/* End PBXFrameworksBuildPhase section */

/* Begin PBXGroup section */
		52E4673E21FFB67B006DC898 = {
			isa = PBXGroup;
			children = (
				52E4674921FFB67B006DC898 /* flix */,
				52E4675E21FFB67D006DC898 /* flixTests */,
				52E4676921FFB67D006DC898 /* flixUITests */,
				52E4674821FFB67B006DC898 /* Products */,
				92FA1B1E870CF197437488E4 /* Pods */,
				7E2384D732D9568489A9C2D8 /* Frameworks */,
			);
			sourceTree = "<group>";
		};
		52E4674821FFB67B006DC898 /* Products */ = {
			isa = PBXGroup;
			children = (
				52E4674721FFB67B006DC898 /* flix.app */,
				52E4675B21FFB67D006DC898 /* flixTests.xctest */,
				52E4676621FFB67D006DC898 /* flixUITests.xctest */,
			);
			name = Products;
			sourceTree = "<group>";
		};
		52E4674921FFB67B006DC898 /* flix */ = {
			isa = PBXGroup;
			children = (
				52E4674E21FFB67B006DC898 /* Main.storyboard */,
				52E4674A21FFB67B006DC898 /* AppDelegate.swift */,
				52E4677821FFB93F006DC898 /* MoviesViewController.swift */,
				52E4677A21FFCAB8006DC898 /* MovieCell.swift */,
				526CAB352208EFAC00C736FF /* MovieDetailsViewController.swift */,
				526CAB372208FA5E00C736FF /* MovieGridViewController.swift */,
				526CAB392208FF5000C736FF /* MovieGridCell.swift */,
				52B137B1220A6FF2001CE793 /* MovieGridDetailsViewController.swift */,
				52E4675121FFB67D006DC898 /* Assets.xcassets */,
				52E4675321FFB67D006DC898 /* LaunchScreen.storyboard */,
				52E4675621FFB67D006DC898 /* Info.plist */,
			);
			path = flix;
			sourceTree = "<group>";
		};
		52E4675E21FFB67D006DC898 /* flixTests */ = {
			isa = PBXGroup;
			children = (
				52E4675F21FFB67D006DC898 /* flixTests.swift */,
				52E4676121FFB67D006DC898 /* Info.plist */,
			);
			path = flixTests;
			sourceTree = "<group>";
		};
		52E4676921FFB67D006DC898 /* flixUITests */ = {
			isa = PBXGroup;
			children = (
				52E4676A21FFB67D006DC898 /* flixUITests.swift */,
				52E4676C21FFB67D006DC898 /* Info.plist */,
			);
			path = flixUITests;
			sourceTree = "<group>";
		};
		7E2384D732D9568489A9C2D8 /* Frameworks */ = {
			isa = PBXGroup;
			children = (
				C4CD5C9BF395A563597C5624 /* Pods_flix.framework */,
				38A5104AB83DF7F4DE7BFA04 /* Pods_flixTests.framework */,
				7BE6F0C41332FC9E0DDA8783 /* Pods_flixUITests.framework */,
			);
			name = Frameworks;
			sourceTree = "<group>";
		};
		92FA1B1E870CF197437488E4 /* Pods */ = {
			isa = PBXGroup;
			children = (
				0F79B1C8B79EB5117B2C95DE /* Pods-flix.debug.xcconfig */,
				2EB177F37EC3296B1AA227E7 /* Pods-flix.release.xcconfig */,
				C7105EBE43EB6EB570579AEC /* Pods-flixTests.debug.xcconfig */,
				8D7500021D18CB6ECD28FF3B /* Pods-flixTests.release.xcconfig */,
				440DB4E0F2F7564E0B8D0E72 /* Pods-flixUITests.debug.xcconfig */,
				31A4AC29F6E50BBD5A9F18B8 /* Pods-flixUITests.release.xcconfig */,
			);
			name = Pods;
			sourceTree = "<group>";
		};
/* End PBXGroup section */

/* Begin PBXNativeTarget section */
		52E4674621FFB67B006DC898 /* flix */ = {
			isa = PBXNativeTarget;
			buildConfigurationList = 52E4676F21FFB67D006DC898 /* Build configuration list for PBXNativeTarget "flix" */;
			buildPhases = (
				70A1C2936D2858A1F45778EB /* [CP] Check Pods Manifest.lock */,
				52E4674321FFB67B006DC898 /* Sources */,
				52E4674421FFB67B006DC898 /* Frameworks */,
				52E4674521FFB67B006DC898 /* Resources */,
				E34B35869476071EDE06CD50 /* [CP] Embed Pods Frameworks */,
			);
			buildRules = (
			);
			dependencies = (
			);
			name = flix;
			productName = flix;
			productReference = 52E4674721FFB67B006DC898 /* flix.app */;
			productType = "com.apple.product-type.application";
		};
		52E4675A21FFB67D006DC898 /* flixTests */ = {
			isa = PBXNativeTarget;
			buildConfigurationList = 52E4677221FFB67D006DC898 /* Build configuration list for PBXNativeTarget "flixTests" */;
			buildPhases = (
				C1B77907EEFCB62532469564 /* [CP] Check Pods Manifest.lock */,
				52E4675721FFB67D006DC898 /* Sources */,
				52E4675821FFB67D006DC898 /* Frameworks */,
				52E4675921FFB67D006DC898 /* Resources */,
			);
			buildRules = (
			);
			dependencies = (
				52E4675D21FFB67D006DC898 /* PBXTargetDependency */,
			);
			name = flixTests;
			productName = flixTests;
			productReference = 52E4675B21FFB67D006DC898 /* flixTests.xctest */;
			productType = "com.apple.product-type.bundle.unit-test";
		};
		52E4676521FFB67D006DC898 /* flixUITests */ = {
			isa = PBXNativeTarget;
			buildConfigurationList = 52E4677521FFB67D006DC898 /* Build configuration list for PBXNativeTarget "flixUITests" */;
			buildPhases = (
				61ED89D7C8AC7FA49F62F430 /* [CP] Check Pods Manifest.lock */,
				52E4676221FFB67D006DC898 /* Sources */,
				52E4676321FFB67D006DC898 /* Frameworks */,
				52E4676421FFB67D006DC898 /* Resources */,
			);
			buildRules = (
			);
			dependencies = (
				52E4676821FFB67D006DC898 /* PBXTargetDependency */,
			);
			name = flixUITests;
			productName = flixUITests;
			productReference = 52E4676621FFB67D006DC898 /* flixUITests.xctest */;
			productType = "com.apple.product-type.bundle.ui-testing";
		};
/* End PBXNativeTarget section */

/* Begin PBXProject section */
		52E4673F21FFB67B006DC898 /* Project object */ = {
			isa = PBXProject;
			attributes = {
				LastSwiftUpdateCheck = 1010;
				LastUpgradeCheck = 1010;
				ORGANIZATIONNAME = "Martin Landin";
				TargetAttributes = {
					52E4674621FFB67B006DC898 = {
						CreatedOnToolsVersion = 10.1;
					};
					52E4675A21FFB67D006DC898 = {
						CreatedOnToolsVersion = 10.1;
						TestTargetID = 52E4674621FFB67B006DC898;
					};
					52E4676521FFB67D006DC898 = {
						CreatedOnToolsVersion = 10.1;
						TestTargetID = 52E4674621FFB67B006DC898;
					};
				};
			};
			buildConfigurationList = 52E4674221FFB67B006DC898 /* Build configuration list for PBXProject "flix" */;
			compatibilityVersion = "Xcode 9.3";
			developmentRegion = en;
			hasScannedForEncodings = 0;
			knownRegions = (
				en,
				Base,
			);
			mainGroup = 52E4673E21FFB67B006DC898;
			productRefGroup = 52E4674821FFB67B006DC898 /* Products */;
			projectDirPath = "";
			projectRoot = "";
			targets = (
				52E4674621FFB67B006DC898 /* flix */,
				52E4675A21FFB67D006DC898 /* flixTests */,
				52E4676521FFB67D006DC898 /* flixUITests */,
			);
		};
/* End PBXProject section */

/* Begin PBXResourcesBuildPhase section */
		52E4674521FFB67B006DC898 /* Resources */ = {
			isa = PBXResourcesBuildPhase;
			buildActionMask = 2147483647;
			files = (
				52E4675521FFB67D006DC898 /* LaunchScreen.storyboard in Resources */,
				52E4675221FFB67D006DC898 /* Assets.xcassets in Resources */,
				52E4675021FFB67B006DC898 /* Main.storyboard in Resources */,
			);
			runOnlyForDeploymentPostprocessing = 0;
		};
		52E4675921FFB67D006DC898 /* Resources */ = {
			isa = PBXResourcesBuildPhase;
			buildActionMask = 2147483647;
			files = (
			);
			runOnlyForDeploymentPostprocessing = 0;
		};
		52E4676421FFB67D006DC898 /* Resources */ = {
			isa = PBXResourcesBuildPhase;
			buildActionMask = 2147483647;
			files = (
			);
			runOnlyForDeploymentPostprocessing = 0;
		};
/* End PBXResourcesBuildPhase section */

/* Begin PBXShellScriptBuildPhase section */
		61ED89D7C8AC7FA49F62F430 /* [CP] Check Pods Manifest.lock */ = {
			isa = PBXShellScriptBuildPhase;
			buildActionMask = 2147483647;
			files = (
			);
			inputFileListPaths = (
			);
			inputPaths = (
				"${PODS_PODFILE_DIR_PATH}/Podfile.lock",
				"${PODS_ROOT}/Manifest.lock",
			);
			name = "[CP] Check Pods Manifest.lock";
			outputFileListPaths = (
			);
			outputPaths = (
				"$(DERIVED_FILE_DIR)/Pods-flixUITests-checkManifestLockResult.txt",
			);
			runOnlyForDeploymentPostprocessing = 0;
			shellPath = /bin/sh;
			shellScript = "diff \"${PODS_PODFILE_DIR_PATH}/Podfile.lock\" \"${PODS_ROOT}/Manifest.lock\" > /dev/null\nif [ $? != 0 ] ; then\n    # print error to STDERR\n    echo \"error: The sandbox is not in sync with the Podfile.lock. Run 'pod install' or update your CocoaPods installation.\" >&2\n    exit 1\nfi\n# This output is used by Xcode 'outputs' to avoid re-running this script phase.\necho \"SUCCESS\" > \"${SCRIPT_OUTPUT_FILE_0}\"\n";
			showEnvVarsInLog = 0;
		};
		70A1C2936D2858A1F45778EB /* [CP] Check Pods Manifest.lock */ = {
			isa = PBXShellScriptBuildPhase;
			buildActionMask = 2147483647;
			files = (
			);
			inputFileListPaths = (
			);
			inputPaths = (
				"${PODS_PODFILE_DIR_PATH}/Podfile.lock",
				"${PODS_ROOT}/Manifest.lock",
			);
			name = "[CP] Check Pods Manifest.lock";
			outputFileListPaths = (
			);
			outputPaths = (
				"$(DERIVED_FILE_DIR)/Pods-flix-checkManifestLockResult.txt",
			);
			runOnlyForDeploymentPostprocessing = 0;
			shellPath = /bin/sh;
			shellScript = "diff \"${PODS_PODFILE_DIR_PATH}/Podfile.lock\" \"${PODS_ROOT}/Manifest.lock\" > /dev/null\nif [ $? != 0 ] ; then\n    # print error to STDERR\n    echo \"error: The sandbox is not in sync with the Podfile.lock. Run 'pod install' or update your CocoaPods installation.\" >&2\n    exit 1\nfi\n# This output is used by Xcode 'outputs' to avoid re-running this script phase.\necho \"SUCCESS\" > \"${SCRIPT_OUTPUT_FILE_0}\"\n";
			showEnvVarsInLog = 0;
		};
		C1B77907EEFCB62532469564 /* [CP] Check Pods Manifest.lock */ = {
			isa = PBXShellScriptBuildPhase;
			buildActionMask = 2147483647;
			files = (
			);
			inputFileListPaths = (
			);
			inputPaths = (
				"${PODS_PODFILE_DIR_PATH}/Podfile.lock",
				"${PODS_ROOT}/Manifest.lock",
			);
			name = "[CP] Check Pods Manifest.lock";
			outputFileListPaths = (
			);
			outputPaths = (
				"$(DERIVED_FILE_DIR)/Pods-flixTests-checkManifestLockResult.txt",
			);
			runOnlyForDeploymentPostprocessing = 0;
			shellPath = /bin/sh;
			shellScript = "diff \"${PODS_PODFILE_DIR_PATH}/Podfile.lock\" \"${PODS_ROOT}/Manifest.lock\" > /dev/null\nif [ $? != 0 ] ; then\n    # print error to STDERR\n    echo \"error: The sandbox is not in sync with the Podfile.lock. Run 'pod install' or update your CocoaPods installation.\" >&2\n    exit 1\nfi\n# This output is used by Xcode 'outputs' to avoid re-running this script phase.\necho \"SUCCESS\" > \"${SCRIPT_OUTPUT_FILE_0}\"\n";
			showEnvVarsInLog = 0;
		};
		E34B35869476071EDE06CD50 /* [CP] Embed Pods Frameworks */ = {
			isa = PBXShellScriptBuildPhase;
			buildActionMask = 2147483647;
			files = (
			);
			inputFileListPaths = (
			);
			inputPaths = (
				"${SRCROOT}/Pods/Target Support Files/Pods-flix/Pods-flix-frameworks.sh",
				"${BUILT_PRODUCTS_DIR}/Alamofire/Alamofire.framework",
				"${BUILT_PRODUCTS_DIR}/AlamofireImage/AlamofireImage.framework",
			);
			name = "[CP] Embed Pods Frameworks";
			outputFileListPaths = (
			);
			outputPaths = (
				"${TARGET_BUILD_DIR}/${FRAMEWORKS_FOLDER_PATH}/Alamofire.framework",
				"${TARGET_BUILD_DIR}/${FRAMEWORKS_FOLDER_PATH}/AlamofireImage.framework",
			);
			runOnlyForDeploymentPostprocessing = 0;
			shellPath = /bin/sh;
			shellScript = "\"${SRCROOT}/Pods/Target Support Files/Pods-flix/Pods-flix-frameworks.sh\"\n";
			showEnvVarsInLog = 0;
		};
/* End PBXShellScriptBuildPhase section */

/* Begin PBXSourcesBuildPhase section */
		52E4674321FFB67B006DC898 /* Sources */ = {
			isa = PBXSourcesBuildPhase;
			buildActionMask = 2147483647;
			files = (
				526CAB382208FA5E00C736FF /* MovieGridViewController.swift in Sources */,
				526CAB362208EFAC00C736FF /* MovieDetailsViewController.swift in Sources */,
				52E4674B21FFB67B006DC898 /* AppDelegate.swift in Sources */,
				52E4677921FFB93F006DC898 /* MoviesViewController.swift in Sources */,
				526CAB3A2208FF5000C736FF /* MovieGridCell.swift in Sources */,
				52B137B2220A6FF2001CE793 /* MovieGridDetailsViewController.swift in Sources */,
				52E4677B21FFCAB8006DC898 /* MovieCell.swift in Sources */,
			);
			runOnlyForDeploymentPostprocessing = 0;
		};
		52E4675721FFB67D006DC898 /* Sources */ = {
			isa = PBXSourcesBuildPhase;
			buildActionMask = 2147483647;
			files = (
				52E4676021FFB67D006DC898 /* flixTests.swift in Sources */,
			);
			runOnlyForDeploymentPostprocessing = 0;
		};
		52E4676221FFB67D006DC898 /* Sources */ = {
			isa = PBXSourcesBuildPhase;
			buildActionMask = 2147483647;
			files = (
				52E4676B21FFB67D006DC898 /* flixUITests.swift in Sources */,
			);
			runOnlyForDeploymentPostprocessing = 0;
		};
/* End PBXSourcesBuildPhase section */

/* Begin PBXTargetDependency section */
		52E4675D21FFB67D006DC898 /* PBXTargetDependency */ = {
			isa = PBXTargetDependency;
			target = 52E4674621FFB67B006DC898 /* flix */;
			targetProxy = 52E4675C21FFB67D006DC898 /* PBXContainerItemProxy */;
		};
		52E4676821FFB67D006DC898 /* PBXTargetDependency */ = {
			isa = PBXTargetDependency;
			target = 52E4674621FFB67B006DC898 /* flix */;
			targetProxy = 52E4676721FFB67D006DC898 /* PBXContainerItemProxy */;
		};
/* End PBXTargetDependency section */

/* Begin PBXVariantGroup section */
		52E4674E21FFB67B006DC898 /* Main.storyboard */ = {
			isa = PBXVariantGroup;
			children = (
				52E4674F21FFB67B006DC898 /* Base */,
			);
			name = Main.storyboard;
			sourceTree = "<group>";
		};
		52E4675321FFB67D006DC898 /* LaunchScreen.storyboard */ = {
			isa = PBXVariantGroup;
			children = (
				52E4675421FFB67D006DC898 /* Base */,
			);
			name = LaunchScreen.storyboard;
			sourceTree = "<group>";
		};
/* End PBXVariantGroup section */

/* Begin XCBuildConfiguration section */
		52E4676D21FFB67D006DC898 /* Debug */ = {
			isa = XCBuildConfiguration;
			buildSettings = {
				ALWAYS_SEARCH_USER_PATHS = NO;
				CLANG_ANALYZER_NONNULL = YES;
				CLANG_ANALYZER_NUMBER_OBJECT_CONVERSION = YES_AGGRESSIVE;
				CLANG_CXX_LANGUAGE_STANDARD = "gnu++14";
				CLANG_CXX_LIBRARY = "libc++";
				CLANG_ENABLE_MODULES = YES;
				CLANG_ENABLE_OBJC_ARC = YES;
				CLANG_ENABLE_OBJC_WEAK = YES;
				CLANG_WARN_BLOCK_CAPTURE_AUTORELEASING = YES;
				CLANG_WARN_BOOL_CONVERSION = YES;
				CLANG_WARN_COMMA = YES;
				CLANG_WARN_CONSTANT_CONVERSION = YES;
				CLANG_WARN_DEPRECATED_OBJC_IMPLEMENTATIONS = YES;
				CLANG_WARN_DIRECT_OBJC_ISA_USAGE = YES_ERROR;
				CLANG_WARN_DOCUMENTATION_COMMENTS = YES;
				CLANG_WARN_EMPTY_BODY = YES;
				CLANG_WARN_ENUM_CONVERSION = YES;
				CLANG_WARN_INFINITE_RECURSION = YES;
				CLANG_WARN_INT_CONVERSION = YES;
				CLANG_WARN_NON_LITERAL_NULL_CONVERSION = YES;
				CLANG_WARN_OBJC_IMPLICIT_RETAIN_SELF = YES;
				CLANG_WARN_OBJC_LITERAL_CONVERSION = YES;
				CLANG_WARN_OBJC_ROOT_CLASS = YES_ERROR;
				CLANG_WARN_RANGE_LOOP_ANALYSIS = YES;
				CLANG_WARN_STRICT_PROTOTYPES = YES;
				CLANG_WARN_SUSPICIOUS_MOVE = YES;
				CLANG_WARN_UNGUARDED_AVAILABILITY = YES_AGGRESSIVE;
				CLANG_WARN_UNREACHABLE_CODE = YES;
				CLANG_WARN__DUPLICATE_METHOD_MATCH = YES;
				CODE_SIGN_IDENTITY = "iPhone Developer";
				COPY_PHASE_STRIP = NO;
				DEBUG_INFORMATION_FORMAT = dwarf;
				ENABLE_STRICT_OBJC_MSGSEND = YES;
				ENABLE_TESTABILITY = YES;
				GCC_C_LANGUAGE_STANDARD = gnu11;
				GCC_DYNAMIC_NO_PIC = NO;
				GCC_NO_COMMON_BLOCKS = YES;
				GCC_OPTIMIZATION_LEVEL = 0;
				GCC_PREPROCESSOR_DEFINITIONS = (
					"DEBUG=1",
					"$(inherited)",
				);
				GCC_WARN_64_TO_32_BIT_CONVERSION = YES;
				GCC_WARN_ABOUT_RETURN_TYPE = YES_ERROR;
				GCC_WARN_UNDECLARED_SELECTOR = YES;
				GCC_WARN_UNINITIALIZED_AUTOS = YES_AGGRESSIVE;
				GCC_WARN_UNUSED_FUNCTION = YES;
				GCC_WARN_UNUSED_VARIABLE = YES;
				IPHONEOS_DEPLOYMENT_TARGET = 12.1;
				MTL_ENABLE_DEBUG_INFO = INCLUDE_SOURCE;
				MTL_FAST_MATH = YES;
				ONLY_ACTIVE_ARCH = YES;
				SDKROOT = iphoneos;
				SWIFT_ACTIVE_COMPILATION_CONDITIONS = DEBUG;
				SWIFT_OPTIMIZATION_LEVEL = "-Onone";
			};
			name = Debug;
		};
		52E4676E21FFB67D006DC898 /* Release */ = {
			isa = XCBuildConfiguration;
			buildSettings = {
				ALWAYS_SEARCH_USER_PATHS = NO;
				CLANG_ANALYZER_NONNULL = YES;
				CLANG_ANALYZER_NUMBER_OBJECT_CONVERSION = YES_AGGRESSIVE;
				CLANG_CXX_LANGUAGE_STANDARD = "gnu++14";
				CLANG_CXX_LIBRARY = "libc++";
				CLANG_ENABLE_MODULES = YES;
				CLANG_ENABLE_OBJC_ARC = YES;
				CLANG_ENABLE_OBJC_WEAK = YES;
				CLANG_WARN_BLOCK_CAPTURE_AUTORELEASING = YES;
				CLANG_WARN_BOOL_CONVERSION = YES;
				CLANG_WARN_COMMA = YES;
				CLANG_WARN_CONSTANT_CONVERSION = YES;
				CLANG_WARN_DEPRECATED_OBJC_IMPLEMENTATIONS = YES;
				CLANG_WARN_DIRECT_OBJC_ISA_USAGE = YES_ERROR;
				CLANG_WARN_DOCUMENTATION_COMMENTS = YES;
				CLANG_WARN_EMPTY_BODY = YES;
				CLANG_WARN_ENUM_CONVERSION = YES;
				CLANG_WARN_INFINITE_RECURSION = YES;
				CLANG_WARN_INT_CONVERSION = YES;
				CLANG_WARN_NON_LITERAL_NULL_CONVERSION = YES;
				CLANG_WARN_OBJC_IMPLICIT_RETAIN_SELF = YES;
				CLANG_WARN_OBJC_LITERAL_CONVERSION = YES;
				CLANG_WARN_OBJC_ROOT_CLASS = YES_ERROR;
				CLANG_WARN_RANGE_LOOP_ANALYSIS = YES;
				CLANG_WARN_STRICT_PROTOTYPES = YES;
				CLANG_WARN_SUSPICIOUS_MOVE = YES;
				CLANG_WARN_UNGUARDED_AVAILABILITY = YES_AGGRESSIVE;
				CLANG_WARN_UNREACHABLE_CODE = YES;
				CLANG_WARN__DUPLICATE_METHOD_MATCH = YES;
				CODE_SIGN_IDENTITY = "iPhone Developer";
				COPY_PHASE_STRIP = NO;
				DEBUG_INFORMATION_FORMAT = "dwarf-with-dsym";
				ENABLE_NS_ASSERTIONS = NO;
				ENABLE_STRICT_OBJC_MSGSEND = YES;
				GCC_C_LANGUAGE_STANDARD = gnu11;
				GCC_NO_COMMON_BLOCKS = YES;
				GCC_WARN_64_TO_32_BIT_CONVERSION = YES;
				GCC_WARN_ABOUT_RETURN_TYPE = YES_ERROR;
				GCC_WARN_UNDECLARED_SELECTOR = YES;
				GCC_WARN_UNINITIALIZED_AUTOS = YES_AGGRESSIVE;
				GCC_WARN_UNUSED_FUNCTION = YES;
				GCC_WARN_UNUSED_VARIABLE = YES;
				IPHONEOS_DEPLOYMENT_TARGET = 12.1;
				MTL_ENABLE_DEBUG_INFO = NO;
				MTL_FAST_MATH = YES;
				SDKROOT = iphoneos;
				SWIFT_COMPILATION_MODE = wholemodule;
				SWIFT_OPTIMIZATION_LEVEL = "-O";
				VALIDATE_PRODUCT = YES;
			};
			name = Release;
		};
		52E4677021FFB67D006DC898 /* Debug */ = {
			isa = XCBuildConfiguration;
			baseConfigurationReference = 0F79B1C8B79EB5117B2C95DE /* Pods-flix.debug.xcconfig */;
			buildSettings = {
				ASSETCATALOG_COMPILER_APPICON_NAME = AppIcon;
				CODE_SIGN_STYLE = Automatic;
				INFOPLIST_FILE = flix/Info.plist;
				LD_RUNPATH_SEARCH_PATHS = (
					"$(inherited)",
					"@executable_path/Frameworks",
				);
				PRODUCT_BUNDLE_IDENTIFIER = mlandin.flix;
				PRODUCT_NAME = "$(TARGET_NAME)";
				SWIFT_VERSION = 4.2;
				TARGETED_DEVICE_FAMILY = "1,2";
			};
			name = Debug;
		};
		52E4677121FFB67D006DC898 /* Release */ = {
			isa = XCBuildConfiguration;
			baseConfigurationReference = 2EB177F37EC3296B1AA227E7 /* Pods-flix.release.xcconfig */;
			buildSettings = {
				ASSETCATALOG_COMPILER_APPICON_NAME = AppIcon;
				CODE_SIGN_STYLE = Automatic;
				INFOPLIST_FILE = flix/Info.plist;
				LD_RUNPATH_SEARCH_PATHS = (
					"$(inherited)",
					"@executable_path/Frameworks",
				);
				PRODUCT_BUNDLE_IDENTIFIER = mlandin.flix;
				PRODUCT_NAME = "$(TARGET_NAME)";
				SWIFT_VERSION = 4.2;
				TARGETED_DEVICE_FAMILY = "1,2";
			};
			name = Release;
		};
		52E4677321FFB67D006DC898 /* Debug */ = {
			isa = XCBuildConfiguration;
			baseConfigurationReference = C7105EBE43EB6EB570579AEC /* Pods-flixTests.debug.xcconfig */;
			buildSettings = {
				ALWAYS_EMBED_SWIFT_STANDARD_LIBRARIES = YES;
				BUNDLE_LOADER = "$(TEST_HOST)";
				CODE_SIGN_STYLE = Automatic;
				INFOPLIST_FILE = flixTests/Info.plist;
				LD_RUNPATH_SEARCH_PATHS = (
					"$(inherited)",
					"@executable_path/Frameworks",
					"@loader_path/Frameworks",
				);
				PRODUCT_BUNDLE_IDENTIFIER = mlandin.flixTests;
				PRODUCT_NAME = "$(TARGET_NAME)";
				SWIFT_VERSION = 4.2;
				TARGETED_DEVICE_FAMILY = "1,2";
				TEST_HOST = "$(BUILT_PRODUCTS_DIR)/flix.app/flix";
			};
			name = Debug;
		};
		52E4677421FFB67D006DC898 /* Release */ = {
			isa = XCBuildConfiguration;
			baseConfigurationReference = 8D7500021D18CB6ECD28FF3B /* Pods-flixTests.release.xcconfig */;
			buildSettings = {
				ALWAYS_EMBED_SWIFT_STANDARD_LIBRARIES = YES;
				BUNDLE_LOADER = "$(TEST_HOST)";
				CODE_SIGN_STYLE = Automatic;
				INFOPLIST_FILE = flixTests/Info.plist;
				LD_RUNPATH_SEARCH_PATHS = (
					"$(inherited)",
					"@executable_path/Frameworks",
					"@loader_path/Frameworks",
				);
				PRODUCT_BUNDLE_IDENTIFIER = mlandin.flixTests;
				PRODUCT_NAME = "$(TARGET_NAME)";
				SWIFT_VERSION = 4.2;
				TARGETED_DEVICE_FAMILY = "1,2";
				TEST_HOST = "$(BUILT_PRODUCTS_DIR)/flix.app/flix";
			};
			name = Release;
		};
		52E4677621FFB67D006DC898 /* Debug */ = {
			isa = XCBuildConfiguration;
			baseConfigurationReference = 440DB4E0F2F7564E0B8D0E72 /* Pods-flixUITests.debug.xcconfig */;
			buildSettings = {
				ALWAYS_EMBED_SWIFT_STANDARD_LIBRARIES = YES;
				CODE_SIGN_STYLE = Automatic;
				INFOPLIST_FILE = flixUITests/Info.plist;
				LD_RUNPATH_SEARCH_PATHS = (
					"$(inherited)",
					"@executable_path/Frameworks",
					"@loader_path/Frameworks",
				);
				PRODUCT_BUNDLE_IDENTIFIER = mlandin.flixUITests;
				PRODUCT_NAME = "$(TARGET_NAME)";
				SWIFT_VERSION = 4.2;
				TARGETED_DEVICE_FAMILY = "1,2";
				TEST_TARGET_NAME = flix;
			};
			name = Debug;
		};
		52E4677721FFB67D006DC898 /* Release */ = {
			isa = XCBuildConfiguration;
			baseConfigurationReference = 31A4AC29F6E50BBD5A9F18B8 /* Pods-flixUITests.release.xcconfig */;
			buildSettings = {
				ALWAYS_EMBED_SWIFT_STANDARD_LIBRARIES = YES;
				CODE_SIGN_STYLE = Automatic;
				INFOPLIST_FILE = flixUITests/Info.plist;
				LD_RUNPATH_SEARCH_PATHS = (
					"$(inherited)",
					"@executable_path/Frameworks",
					"@loader_path/Frameworks",
				);
				PRODUCT_BUNDLE_IDENTIFIER = mlandin.flixUITests;
				PRODUCT_NAME = "$(TARGET_NAME)";
				SWIFT_VERSION = 4.2;
				TARGETED_DEVICE_FAMILY = "1,2";
				TEST_TARGET_NAME = flix;
			};
			name = Release;
		};
/* End XCBuildConfiguration section */

/* Begin XCConfigurationList section */
		52E4674221FFB67B006DC898 /* Build configuration list for PBXProject "flix" */ = {
			isa = XCConfigurationList;
			buildConfigurations = (
				52E4676D21FFB67D006DC898 /* Debug */,
				52E4676E21FFB67D006DC898 /* Release */,
			);
			defaultConfigurationIsVisible = 0;
			defaultConfigurationName = Release;
		};
		52E4676F21FFB67D006DC898 /* Build configuration list for PBXNativeTarget "flix" */ = {
			isa = XCConfigurationList;
			buildConfigurations = (
				52E4677021FFB67D006DC898 /* Debug */,
				52E4677121FFB67D006DC898 /* Release */,
			);
			defaultConfigurationIsVisible = 0;
			defaultConfigurationName = Release;
		};
		52E4677221FFB67D006DC898 /* Build configuration list for PBXNativeTarget "flixTests" */ = {
			isa = XCConfigurationList;
			buildConfigurations = (
				52E4677321FFB67D006DC898 /* Debug */,
				52E4677421FFB67D006DC898 /* Release */,
			);
			defaultConfigurationIsVisible = 0;
			defaultConfigurationName = Release;
		};
		52E4677521FFB67D006DC898 /* Build configuration list for PBXNativeTarget "flixUITests" */ = {
			isa = XCConfigurationList;
			buildConfigurations = (
				52E4677621FFB67D006DC898 /* Debug */,
				52E4677721FFB67D006DC898 /* Release */,
			);
			defaultConfigurationIsVisible = 0;
			defaultConfigurationName = Release;
		};
/* End XCConfigurationList section */
	};
	rootObject = 52E4673F21FFB67B006DC898 /* Project object */;
}
